
Microsoft Visual Studio Solution File, Format Version 12.00
# Visual Studio 15
VisualStudioVersion = 15.0.26228.4
MinimumVisualStudioVersion = 10.0.40219.1
Project("{FAE04EC0-301F-11D3-BF4B-00C04F79EFBC}") = "OKEGui", "OKEGui\OKEGui.csproj", "{BD980C51-9FCF-483E-BB88-B903952FDDDD}"
EndProject
Global
	GlobalSection(SolutionConfigurationPlatforms) = preSolution
		Debug|x64 = Debug|x64
		Debug|x86 = Debug|x86
		Release|x64 = Release|x64
		Release|x86 = Release|x86
	EndGlobalSection
	GlobalSection(ProjectConfigurationPlatforms) = postSolution
		{BD980C51-9FCF-483E-BB88-B903952FDDDD}.Debug|x64.ActiveCfg = Debug|Any CPU
		{BD980C51-9FCF-483E-BB88-B903952FDDDD}.Debug|x64.Build.0 = Debug|Any CPU
		{BD980C51-9FCF-483E-BB88-B903952FDDDD}.Debug|x86.ActiveCfg = Debug|Any CPU
		{BD980C51-9FCF-483E-BB88-B903952FDDDD}.Debug|x86.Build.0 = Debug|Any CPU
		{BD980C51-9FCF-483E-BB88-B903952FDDDD}.Release|x64.ActiveCfg = Release|Any CPU
		{BD980C51-9FCF-483E-BB88-B903952FDDDD}.Release|x64.Build.0 = Release|Any CPU
		{BD980C51-9FCF-483E-BB88-B903952FDDDD}.Release|x86.ActiveCfg = Release|Any CPU
		{BD980C51-9FCF-483E-BB88-B903952FDDDD}.Release|x86.Build.0 = Release|Any CPU
	EndGlobalSection
	GlobalSection(SolutionProperties) = preSolution
		HideSolutionNode = FALSE
	EndGlobalSection
	GlobalSection(ExtensibilityGlobals) = postSolution
		SolutionGuid = {62FAB699-A5BF-4AD3-8D1C-9334107EF293}
	EndGlobalSection
EndGlobal
