
Microsoft Visual Studio Solution File, Format Version 12.00
# Visual Studio Version 17
VisualStudioVersion = 17.2.32802.462
MinimumVisualStudioVersion = 17.0.31903.59
Project("{FAE04EC0-301F-11D3-BF4B-00C04F79EFBC}") = "OKEGui", "OKEGui\OKEGui.csproj", "{BD980C51-9FCF-483E-BB88-B903952FDDDD}"
EndProject
Project("{9A19103F-16F7-4668-BE54-9A1E7A4F7556}") = "TChapter", "..\TChapter\TChapter\TChapter.csproj", "{D3EFF606-0562-45E4-8E0B-1DF967220A9B}"
EndProject
Project("{2150E333-8FDC-42A3-9474-1A3956D46DE8}") = "Solution Items", "Solution Items", "{F4920AE9-71EE-45B9-AC73-EC85A881C11F}"
	ProjectSection(SolutionItems) = preProject
		.editorconfig = .editorconfig
	EndProjectSection
EndProject
Global
	GlobalSection(SolutionConfigurationPlatforms) = preSolution
		Debug|Any CPU = Debug|Any CPU
		Debug|x64 = Debug|x64
		Debug|x86 = Debug|x86
		Release|Any CPU = Release|Any CPU
		Release|x64 = Release|x64
		Release|x86 = Release|x86
	EndGlobalSection
	GlobalSection(ProjectConfigurationPlatforms) = postSolution
		{BD980C51-9FCF-483E-BB88-B903952FDDDD}.Debug|Any CPU.ActiveCfg = Debug|Any CPU
		{BD980C51-9FCF-483E-BB88-B903952FDDDD}.Debug|Any CPU.Build.0 = Debug|Any CPU
		{BD980C51-9FCF-483E-BB88-B903952FDDDD}.Debug|x64.ActiveCfg = Debug|Any CPU
		{BD980C51-9FCF-483E-BB88-B903952FDDDD}.Debug|x64.Build.0 = Debug|Any CPU
		{BD980C51-9FCF-483E-BB88-B903952FDDDD}.Debug|x86.ActiveCfg = Debug|Any CPU
		{BD980C51-9FCF-483E-BB88-B903952FDDDD}.Debug|x86.Build.0 = Debug|Any CPU
		{BD980C51-9FCF-483E-BB88-B903952FDDDD}.Release|Any CPU.ActiveCfg = Release|Any CPU
		{BD980C51-9FCF-483E-BB88-B903952FDDDD}.Release|Any CPU.Build.0 = Release|Any CPU
		{BD980C51-9FCF-483E-BB88-B903952FDDDD}.Release|x64.ActiveCfg = Release|Any CPU
		{BD980C51-9FCF-483E-BB88-B903952FDDDD}.Release|x64.Build.0 = Release|Any CPU
		{BD980C51-9FCF-483E-BB88-B903952FDDDD}.Release|x86.ActiveCfg = Release|Any CPU
		{BD980C51-9FCF-483E-BB88-B903952FDDDD}.Release|x86.Build.0 = Release|Any CPU
		{D3EFF606-0562-45E4-8E0B-1DF967220A9B}.Debug|Any CPU.ActiveCfg = Debug|Any CPU
		{D3EFF606-0562-45E4-8E0B-1DF967220A9B}.Debug|Any CPU.Build.0 = Debug|Any CPU
		{D3EFF606-0562-45E4-8E0B-1DF967220A9B}.Debug|x64.ActiveCfg = Debug|Any CPU
		{D3EFF606-0562-45E4-8E0B-1DF967220A9B}.Debug|x64.Build.0 = Debug|Any CPU
		{D3EFF606-0562-45E4-8E0B-1DF967220A9B}.Debug|x86.ActiveCfg = Debug|Any CPU
		{D3EFF606-0562-45E4-8E0B-1DF967220A9B}.Debug|x86.Build.0 = Debug|Any CPU
		{D3EFF606-0562-45E4-8E0B-1DF967220A9B}.Release|Any CPU.ActiveCfg = Release|Any CPU
		{D3EFF606-0562-45E4-8E0B-1DF967220A9B}.Release|Any CPU.Build.0 = Release|Any CPU
		{D3EFF606-0562-45E4-8E0B-1DF967220A9B}.Release|x64.ActiveCfg = Release|Any CPU
		{D3EFF606-0562-45E4-8E0B-1DF967220A9B}.Release|x64.Build.0 = Release|Any CPU
		{D3EFF606-0562-45E4-8E0B-1DF967220A9B}.Release|x86.ActiveCfg = Release|Any CPU
		{D3EFF606-0562-45E4-8E0B-1DF967220A9B}.Release|x86.Build.0 = Release|Any CPU
	EndGlobalSection
	GlobalSection(SolutionProperties) = preSolution
		HideSolutionNode = FALSE
	EndGlobalSection
	GlobalSection(ExtensibilityGlobals) = postSolution
		SolutionGuid = {62FAB699-A5BF-4AD3-8D1C-9334107EF293}
	EndGlobalSection
EndGlobal
